
Microsoft Visual Studio Solution File, Format Version 12.00
# Visual Studio Version 16
VisualStudioVersion = 16.0.29306.81
MinimumVisualStudioVersion = 10.0.40219.1
Project("{FAE04EC0-301F-11D3-BF4B-00C04F79EFBC}") = "LibraryWPF", "LibraryWPF\LibraryWPF.csproj", "{4C7B12F8-7D51-4D6E-9F68-8E00518C6B41}"
EndProject
Project("{FAE04EC0-301F-11D3-BF4B-00C04F79EFBC}") = "DatabaseClient", "DatabaseClient\DatabaseClient.csproj", "{E15082ED-968F-4CE0-B06C-97F462FF5094}"
EndProject
Project("{FAE04EC0-301F-11D3-BF4B-00C04F79EFBC}") = "DatabaseClientTests", "DatabaseClientTests\DatabaseClientTests.csproj", "{19EC2077-D74F-4872-8307-501EAEF6273C}"
EndProject
Project("{54435603-DBB4-11D2-8724-00A0C9A8B90C}") = "Library", "Library\Library.vdproj", "{851D6242-F352-43A2-A72B-C5861DDEBA55}"
EndProject
Global
	GlobalSection(SolutionConfigurationPlatforms) = preSolution
		Debug|Any CPU = Debug|Any CPU
		Release|Any CPU = Release|Any CPU
	EndGlobalSection
	GlobalSection(ProjectConfigurationPlatforms) = postSolution
		{4C7B12F8-7D51-4D6E-9F68-8E00518C6B41}.Debug|Any CPU.ActiveCfg = Release|Any CPU
		{4C7B12F8-7D51-4D6E-9F68-8E00518C6B41}.Debug|Any CPU.Build.0 = Release|Any CPU
		{4C7B12F8-7D51-4D6E-9F68-8E00518C6B41}.Release|Any CPU.ActiveCfg = Release|Any CPU
		{4C7B12F8-7D51-4D6E-9F68-8E00518C6B41}.Release|Any CPU.Build.0 = Release|Any CPU
		{E15082ED-968F-4CE0-B06C-97F462FF5094}.Debug|Any CPU.ActiveCfg = Release|Any CPU
		{E15082ED-968F-4CE0-B06C-97F462FF5094}.Debug|Any CPU.Build.0 = Release|Any CPU
		{E15082ED-968F-4CE0-B06C-97F462FF5094}.Release|Any CPU.ActiveCfg = Release|Any CPU
		{E15082ED-968F-4CE0-B06C-97F462FF5094}.Release|Any CPU.Build.0 = Release|Any CPU
		{19EC2077-D74F-4872-8307-501EAEF6273C}.Debug|Any CPU.ActiveCfg = Debug|Any CPU
		{19EC2077-D74F-4872-8307-501EAEF6273C}.Debug|Any CPU.Build.0 = Debug|Any CPU
		{19EC2077-D74F-4872-8307-501EAEF6273C}.Release|Any CPU.ActiveCfg = Release|Any CPU
		{19EC2077-D74F-4872-8307-501EAEF6273C}.Release|Any CPU.Build.0 = Release|Any CPU
		{851D6242-F352-43A2-A72B-C5861DDEBA55}.Debug|Any CPU.ActiveCfg = Debug
		{851D6242-F352-43A2-A72B-C5861DDEBA55}.Release|Any CPU.ActiveCfg = Release
	EndGlobalSection
	GlobalSection(SolutionProperties) = preSolution
		HideSolutionNode = FALSE
	EndGlobalSection
	GlobalSection(ExtensibilityGlobals) = postSolution
		SolutionGuid = {9E0EB9F3-EB5D-4260-9DEC-94BEC16752FB}
	EndGlobalSection
EndGlobal
